
Microsoft Visual Studio Solution File, Format Version 12.00
# Visual Studio Version 16
VisualStudioVersion = 16.0.31313.79
MinimumVisualStudioVersion = 10.0.40219.1
Project("{FAE04EC0-301F-11D3-BF4B-00C04F79EFBC}") = "TestShopAspnet", "TestShopAspnet\TestShopAspnet.csproj", "{D81AF015-E8F9-4386-970A-5CD4BFD7EEC3}"
EndProject
Global
	GlobalSection(SolutionConfigurationPlatforms) = preSolution
		Debug|Any CPU = Debug|Any CPU
		Release|Any CPU = Release|Any CPU
	EndGlobalSection
	GlobalSection(ProjectConfigurationPlatforms) = postSolution
		{D81AF015-E8F9-4386-970A-5CD4BFD7EEC3}.Debug|Any CPU.ActiveCfg = Debug|Any CPU
		{D81AF015-E8F9-4386-970A-5CD4BFD7EEC3}.Debug|Any CPU.Build.0 = Debug|Any CPU
		{D81AF015-E8F9-4386-970A-5CD4BFD7EEC3}.Release|Any CPU.ActiveCfg = Release|Any CPU
		{D81AF015-E8F9-4386-970A-5CD4BFD7EEC3}.Release|Any CPU.Build.0 = Release|Any CPU
	EndGlobalSection
	GlobalSection(SolutionProperties) = preSolution
		HideSolutionNode = FALSE
	EndGlobalSection
	GlobalSection(ExtensibilityGlobals) = postSolution
		SolutionGuid = {5D0D8563-E209-4B3B-9A51-48F4066AD0C7}
	EndGlobalSection
EndGlobal
